
Microsoft Visual Studio Solution File, Format Version 12.00
# Visual Studio Version 16
VisualStudioVersion = 16.0.28407.52
MinimumVisualStudioVersion = 10.0.40219.1
Project("{9A19103F-16F7-4668-BE54-9A1E7A4F7556}") = "LudoGameApp", "LudoGameApp\LudoGameApp.csproj", "{6169C336-3699-4341-ABA0-0C6DAB33B4FD}"
EndProject
Project("{9A19103F-16F7-4668-BE54-9A1E7A4F7556}") = "GameEngine", "GameEngine\GameEngine.csproj", "{B7891627-C7F7-4B82-959A-8B3C6EAF7BA1}"
EndProject
Project("{FAE04EC0-301F-11D3-BF4B-00C04F79EFBC}") = "UnitTestProject1", "UnitTestProject1\UnitTestProject1.csproj", "{8EA4F49B-A3CC-4710-9FE3-EEDE517C9E04}"
EndProject
Global
	GlobalSection(SolutionConfigurationPlatforms) = preSolution
		Debug|Any CPU = Debug|Any CPU
		Release|Any CPU = Release|Any CPU
	EndGlobalSection
	GlobalSection(ProjectConfigurationPlatforms) = postSolution
		{6169C336-3699-4341-ABA0-0C6DAB33B4FD}.Debug|Any CPU.ActiveCfg = Debug|Any CPU
		{6169C336-3699-4341-ABA0-0C6DAB33B4FD}.Debug|Any CPU.Build.0 = Debug|Any CPU
		{6169C336-3699-4341-ABA0-0C6DAB33B4FD}.Release|Any CPU.ActiveCfg = Release|Any CPU
		{6169C336-3699-4341-ABA0-0C6DAB33B4FD}.Release|Any CPU.Build.0 = Release|Any CPU
		{B7891627-C7F7-4B82-959A-8B3C6EAF7BA1}.Debug|Any CPU.ActiveCfg = Debug|Any CPU
		{B7891627-C7F7-4B82-959A-8B3C6EAF7BA1}.Debug|Any CPU.Build.0 = Debug|Any CPU
		{B7891627-C7F7-4B82-959A-8B3C6EAF7BA1}.Release|Any CPU.ActiveCfg = Release|Any CPU
		{B7891627-C7F7-4B82-959A-8B3C6EAF7BA1}.Release|Any CPU.Build.0 = Release|Any CPU
		{8EA4F49B-A3CC-4710-9FE3-EEDE517C9E04}.Debug|Any CPU.ActiveCfg = Debug|Any CPU
		{8EA4F49B-A3CC-4710-9FE3-EEDE517C9E04}.Debug|Any CPU.Build.0 = Debug|Any CPU
		{8EA4F49B-A3CC-4710-9FE3-EEDE517C9E04}.Release|Any CPU.ActiveCfg = Release|Any CPU
		{8EA4F49B-A3CC-4710-9FE3-EEDE517C9E04}.Release|Any CPU.Build.0 = Release|Any CPU
	EndGlobalSection
	GlobalSection(SolutionProperties) = preSolution
		HideSolutionNode = FALSE
	EndGlobalSection
	GlobalSection(ExtensibilityGlobals) = postSolution
		SolutionGuid = {12CD876E-0146-4BAD-BD9D-ABB05CEB2B32}
	EndGlobalSection
EndGlobal
